
Microsoft Visual Studio Solution File, Format Version 12.00
# Visual Studio 15
VisualStudioVersion = 15.0.28307.271
MinimumVisualStudioVersion = 10.0.40219.1
Project("{FAE04EC0-301F-11D3-BF4B-00C04F79EFBC}") = "ReservationModule", "ReservationModule\ReservationModule.csproj", "{D85ACB2A-C9E7-4481-89FD-E29F0685A3C6}"
EndProject
Project("{FAE04EC0-301F-11D3-BF4B-00C04F79EFBC}") = "Administration", "Administration\Administration.csproj", "{B14AF013-F23F-4101-9AE4-2B76E366296E}"
EndProject
Project("{FAE04EC0-301F-11D3-BF4B-00C04F79EFBC}") = "TableSelectionModule", "TableSelectionModule\TableSelectionModule.csproj", "{BE030EEE-9734-452C-AAC1-8C26B832B93B}"
EndProject
Project("{00D1A9C2-B5F0-4AF3-8072-F6C62B433612}") = "SmartRestaurantsDB", "SmartRestaurantsDB\SmartRestaurantsDB.sqlproj", "{C34D70D2-B73F-42F7-AD3D-E962565DB4F3}"
EndProject
Project("{FAE04EC0-301F-11D3-BF4B-00C04F79EFBC}") = "Infrastructure", "Infrastructure\Infrastructure.csproj", "{958103A9-B976-4113-9508-24B3886284F2}"
EndProject
Global
	GlobalSection(SolutionConfigurationPlatforms) = preSolution
		Debug|Any CPU = Debug|Any CPU
		Release|Any CPU = Release|Any CPU
	EndGlobalSection
	GlobalSection(ProjectConfigurationPlatforms) = postSolution
		{D85ACB2A-C9E7-4481-89FD-E29F0685A3C6}.Debug|Any CPU.ActiveCfg = Debug|Any CPU
		{D85ACB2A-C9E7-4481-89FD-E29F0685A3C6}.Debug|Any CPU.Build.0 = Debug|Any CPU
		{D85ACB2A-C9E7-4481-89FD-E29F0685A3C6}.Release|Any CPU.ActiveCfg = Release|Any CPU
		{D85ACB2A-C9E7-4481-89FD-E29F0685A3C6}.Release|Any CPU.Build.0 = Release|Any CPU
		{B14AF013-F23F-4101-9AE4-2B76E366296E}.Debug|Any CPU.ActiveCfg = Debug|Any CPU
		{B14AF013-F23F-4101-9AE4-2B76E366296E}.Debug|Any CPU.Build.0 = Debug|Any CPU
		{B14AF013-F23F-4101-9AE4-2B76E366296E}.Release|Any CPU.ActiveCfg = Release|Any CPU
		{B14AF013-F23F-4101-9AE4-2B76E366296E}.Release|Any CPU.Build.0 = Release|Any CPU
		{BE030EEE-9734-452C-AAC1-8C26B832B93B}.Debug|Any CPU.ActiveCfg = Debug|Any CPU
		{BE030EEE-9734-452C-AAC1-8C26B832B93B}.Debug|Any CPU.Build.0 = Debug|Any CPU
		{BE030EEE-9734-452C-AAC1-8C26B832B93B}.Release|Any CPU.ActiveCfg = Release|Any CPU
		{BE030EEE-9734-452C-AAC1-8C26B832B93B}.Release|Any CPU.Build.0 = Release|Any CPU
		{C34D70D2-B73F-42F7-AD3D-E962565DB4F3}.Debug|Any CPU.ActiveCfg = Debug|Any CPU
		{C34D70D2-B73F-42F7-AD3D-E962565DB4F3}.Debug|Any CPU.Build.0 = Debug|Any CPU
		{C34D70D2-B73F-42F7-AD3D-E962565DB4F3}.Debug|Any CPU.Deploy.0 = Debug|Any CPU
		{C34D70D2-B73F-42F7-AD3D-E962565DB4F3}.Release|Any CPU.ActiveCfg = Release|Any CPU
		{C34D70D2-B73F-42F7-AD3D-E962565DB4F3}.Release|Any CPU.Build.0 = Release|Any CPU
		{C34D70D2-B73F-42F7-AD3D-E962565DB4F3}.Release|Any CPU.Deploy.0 = Release|Any CPU
		{958103A9-B976-4113-9508-24B3886284F2}.Debug|Any CPU.ActiveCfg = Debug|Any CPU
		{958103A9-B976-4113-9508-24B3886284F2}.Debug|Any CPU.Build.0 = Debug|Any CPU
		{958103A9-B976-4113-9508-24B3886284F2}.Release|Any CPU.ActiveCfg = Release|Any CPU
		{958103A9-B976-4113-9508-24B3886284F2}.Release|Any CPU.Build.0 = Release|Any CPU
	EndGlobalSection
	GlobalSection(SolutionProperties) = preSolution
		HideSolutionNode = FALSE
	EndGlobalSection
	GlobalSection(ExtensibilityGlobals) = postSolution
		SolutionGuid = {6D9021DF-A25F-4CEA-9BC4-0E65DC8BCE1D}
	EndGlobalSection
EndGlobal
